
Microsoft Visual Studio Solution File, Format Version 12.00
# Visual Studio Version 17
VisualStudioVersion = 17.3.32929.385
MinimumVisualStudioVersion = 10.0.40219.1
Project("{FAE04EC0-301F-11D3-BF4B-00C04F79EFBC}") = "BlazorChat.Server", "BlazorChat\Server\BlazorChat.Server.csproj", "{130E99D3-C4C3-443B-A388-3C4BA9B220C0}"
EndProject
Project("{FAE04EC0-301F-11D3-BF4B-00C04F79EFBC}") = "BlazorChat.Client", "BlazorChat\Client\BlazorChat.Client.csproj", "{96F32F2C-FB6F-4AF8-82A5-14BF3C6C5FE4}"
EndProject
Project("{FAE04EC0-301F-11D3-BF4B-00C04F79EFBC}") = "BlazorChat.Shared", "BlazorChat\Shared\BlazorChat.Shared.csproj", "{5EAA9C11-B185-48F5-8BF9-727970D9AD2A}"
EndProject
Global
	GlobalSection(SolutionConfigurationPlatforms) = preSolution
		Debug|Any CPU = Debug|Any CPU
		Release|Any CPU = Release|Any CPU
	EndGlobalSection
	GlobalSection(ProjectConfigurationPlatforms) = postSolution
		{130E99D3-C4C3-443B-A388-3C4BA9B220C0}.Debug|Any CPU.ActiveCfg = Debug|Any CPU
		{130E99D3-C4C3-443B-A388-3C4BA9B220C0}.Debug|Any CPU.Build.0 = Debug|Any CPU
		{130E99D3-C4C3-443B-A388-3C4BA9B220C0}.Release|Any CPU.ActiveCfg = Release|Any CPU
		{130E99D3-C4C3-443B-A388-3C4BA9B220C0}.Release|Any CPU.Build.0 = Release|Any CPU
		{96F32F2C-FB6F-4AF8-82A5-14BF3C6C5FE4}.Debug|Any CPU.ActiveCfg = Debug|Any CPU
		{96F32F2C-FB6F-4AF8-82A5-14BF3C6C5FE4}.Debug|Any CPU.Build.0 = Debug|Any CPU
		{96F32F2C-FB6F-4AF8-82A5-14BF3C6C5FE4}.Release|Any CPU.ActiveCfg = Release|Any CPU
		{96F32F2C-FB6F-4AF8-82A5-14BF3C6C5FE4}.Release|Any CPU.Build.0 = Release|Any CPU
		{5EAA9C11-B185-48F5-8BF9-727970D9AD2A}.Debug|Any CPU.ActiveCfg = Debug|Any CPU
		{5EAA9C11-B185-48F5-8BF9-727970D9AD2A}.Debug|Any CPU.Build.0 = Debug|Any CPU
		{5EAA9C11-B185-48F5-8BF9-727970D9AD2A}.Release|Any CPU.ActiveCfg = Release|Any CPU
		{5EAA9C11-B185-48F5-8BF9-727970D9AD2A}.Release|Any CPU.Build.0 = Release|Any CPU
	EndGlobalSection
	GlobalSection(SolutionProperties) = preSolution
		HideSolutionNode = FALSE
	EndGlobalSection
	GlobalSection(ExtensibilityGlobals) = postSolution
		SolutionGuid = {2BAFCFE2-E06A-47E3-A3E9-B8D1A7D8AE17}
	EndGlobalSection
EndGlobal
